
Microsoft Visual Studio Solution File, Format Version 12.00
# Visual Studio Version 16
VisualStudioVersion = 16.0.29306.81
MinimumVisualStudioVersion = 10.0.40219.1
Project("{FAE04EC0-301F-11D3-BF4B-00C04F79EFBC}") = "DB_First", "DB_First\DB_First.csproj", "{C2E255C2-959F-48D3-9721-E5786D4C608F}"
EndProject
Global
	GlobalSection(SolutionConfigurationPlatforms) = preSolution
		Debug|Any CPU = Debug|Any CPU
		Release|Any CPU = Release|Any CPU
	EndGlobalSection
	GlobalSection(ProjectConfigurationPlatforms) = postSolution
		{C2E255C2-959F-48D3-9721-E5786D4C608F}.Debug|Any CPU.ActiveCfg = Debug|Any CPU
		{C2E255C2-959F-48D3-9721-E5786D4C608F}.Debug|Any CPU.Build.0 = Debug|Any CPU
		{C2E255C2-959F-48D3-9721-E5786D4C608F}.Release|Any CPU.ActiveCfg = Release|Any CPU
		{C2E255C2-959F-48D3-9721-E5786D4C608F}.Release|Any CPU.Build.0 = Release|Any CPU
	EndGlobalSection
	GlobalSection(SolutionProperties) = preSolution
		HideSolutionNode = FALSE
	EndGlobalSection
	GlobalSection(ExtensibilityGlobals) = postSolution
		SolutionGuid = {47B013BA-AD1D-4B50-837C-F0B42255A4A4}
	EndGlobalSection
EndGlobal
