
Microsoft Visual Studio Solution File, Format Version 12.00
# Visual Studio Version 16
VisualStudioVersion = 16.0.29306.81
MinimumVisualStudioVersion = 10.0.40219.1
Project("{FAE04EC0-301F-11D3-BF4B-00C04F79EFBC}") = "CRUD App Without ORM", "CRUD App Without ORM\CRUD App Without ORM.csproj", "{F47D4512-CA21-4FE3-ABAB-1B90EE6AE198}"
EndProject
Global
	GlobalSection(SolutionConfigurationPlatforms) = preSolution
		Debug|Any CPU = Debug|Any CPU
		Release|Any CPU = Release|Any CPU
	EndGlobalSection
	GlobalSection(ProjectConfigurationPlatforms) = postSolution
		{F47D4512-CA21-4FE3-ABAB-1B90EE6AE198}.Debug|Any CPU.ActiveCfg = Debug|Any CPU
		{F47D4512-CA21-4FE3-ABAB-1B90EE6AE198}.Debug|Any CPU.Build.0 = Debug|Any CPU
		{F47D4512-CA21-4FE3-ABAB-1B90EE6AE198}.Release|Any CPU.ActiveCfg = Release|Any CPU
		{F47D4512-CA21-4FE3-ABAB-1B90EE6AE198}.Release|Any CPU.Build.0 = Release|Any CPU
	EndGlobalSection
	GlobalSection(SolutionProperties) = preSolution
		HideSolutionNode = FALSE
	EndGlobalSection
	GlobalSection(ExtensibilityGlobals) = postSolution
		SolutionGuid = {30842382-826A-4316-B867-50F3AB471D9C}
	EndGlobalSection
EndGlobal
